
Microsoft Visual Studio Solution File, Format Version 12.00
Project("{FAE04EC0-301F-11D3-BF4B-00C04F79EFBC}") = "Credo-fsd", "Credo-fsd\Credo-fsd.csproj", "{2821F5AD-B803-4809-83BA-0A0B13F218EA}"
EndProject
Global
	GlobalSection(SolutionConfigurationPlatforms) = preSolution
		Debug|Any CPU = Debug|Any CPU
		Release|Any CPU = Release|Any CPU
	EndGlobalSection
	GlobalSection(ProjectConfigurationPlatforms) = postSolution
		{2821F5AD-B803-4809-83BA-0A0B13F218EA}.Debug|Any CPU.ActiveCfg = Debug|Any CPU
		{2821F5AD-B803-4809-83BA-0A0B13F218EA}.Debug|Any CPU.Build.0 = Debug|Any CPU
		{2821F5AD-B803-4809-83BA-0A0B13F218EA}.Release|Any CPU.ActiveCfg = Release|Any CPU
		{2821F5AD-B803-4809-83BA-0A0B13F218EA}.Release|Any CPU.Build.0 = Release|Any CPU
	EndGlobalSection
EndGlobal
